
Microsoft Visual Studio Solution File, Format Version 12.00
# Visual Studio Version 17
VisualStudioVersion = 17.9.34728.123
MinimumVisualStudioVersion = 10.0.40219.1
Project("{9A19103F-16F7-4668-BE54-9A1E7A4F7556}") = "HealthChecker", "HealthChecker\HealthChecker.csproj", "{A2F4789C-5436-4777-B60A-3817BC620EEC}"
EndProject
Project("{2150E333-8FDC-42A3-9474-1A3956D46DE8}") = "SolutionItems", "SolutionItems", "{EE1AF4C9-CA64-4799-998F-E0D603531680}"
	ProjectSection(SolutionItems) = preProject
		README.md = README.md
		SolutionItems\ResponseKo.JPG = SolutionItems\ResponseKo.JPG
	EndProjectSection
EndProject
Global
	GlobalSection(SolutionConfigurationPlatforms) = preSolution
		Debug|Any CPU = Debug|Any CPU
		Release|Any CPU = Release|Any CPU
	EndGlobalSection
	GlobalSection(ProjectConfigurationPlatforms) = postSolution
		{A2F4789C-5436-4777-B60A-3817BC620EEC}.Debug|Any CPU.ActiveCfg = Debug|Any CPU
		{A2F4789C-5436-4777-B60A-3817BC620EEC}.Debug|Any CPU.Build.0 = Debug|Any CPU
		{A2F4789C-5436-4777-B60A-3817BC620EEC}.Release|Any CPU.ActiveCfg = Release|Any CPU
		{A2F4789C-5436-4777-B60A-3817BC620EEC}.Release|Any CPU.Build.0 = Release|Any CPU
	EndGlobalSection
	GlobalSection(SolutionProperties) = preSolution
		HideSolutionNode = FALSE
	EndGlobalSection
	GlobalSection(ExtensibilityGlobals) = postSolution
		SolutionGuid = {4739BA51-0B40-44FB-AF24-A010261858DE}
	EndGlobalSection
EndGlobal
